
Microsoft Visual Studio Solution File, Format Version 12.00
# Visual Studio Version 16
VisualStudioVersion = 16.0.31112.23
MinimumVisualStudioVersion = 10.0.40219.1
Project("{FAE04EC0-301F-11D3-BF4B-00C04F79EFBC}") = "WebXAPI", "WebXAPI\WebXAPI.csproj", "{33AF8640-9D33-4B03-8BFF-B5888D3C391A}"
EndProject
Global
	GlobalSection(SolutionConfigurationPlatforms) = preSolution
		Debug|Any CPU = Debug|Any CPU
		Release|Any CPU = Release|Any CPU
	EndGlobalSection
	GlobalSection(ProjectConfigurationPlatforms) = postSolution
		{33AF8640-9D33-4B03-8BFF-B5888D3C391A}.Debug|Any CPU.ActiveCfg = Debug|Any CPU
		{33AF8640-9D33-4B03-8BFF-B5888D3C391A}.Debug|Any CPU.Build.0 = Debug|Any CPU
		{33AF8640-9D33-4B03-8BFF-B5888D3C391A}.Release|Any CPU.ActiveCfg = Release|Any CPU
		{33AF8640-9D33-4B03-8BFF-B5888D3C391A}.Release|Any CPU.Build.0 = Release|Any CPU
	EndGlobalSection
	GlobalSection(SolutionProperties) = preSolution
		HideSolutionNode = FALSE
	EndGlobalSection
	GlobalSection(ExtensibilityGlobals) = postSolution
		SolutionGuid = {9D5A7A3B-46E7-41F9-A7E8-6F84778AB4F8}
	EndGlobalSection
EndGlobal
